
Microsoft Visual Studio Solution File, Format Version 12.00
# Visual Studio Version 17
VisualStudioVersion = 17.14.36401.2 d17.14
MinimumVisualStudioVersion = 10.0.40219.1
Project("{FAE04EC0-301F-11D3-BF4B-00C04F79EFBC}") = "ClamAVGui", "ClamAVGui\ClamAVGui.csproj", "{0B452C8D-4219-4A9F-9584-D8C7A7106AC7}"
EndProject
Project("{2150E333-8FDC-42A3-9474-1A3956D46DE8}") = "src", "src", "{E5D6AFCF-CE16-4A5B-B18C-818BC9547CA1}"
EndProject
Project("{FAE04EC0-301F-11D3-BF4B-00C04F79EFBC}") = "ClamAVGui.Core", "src\ClamAVGui.Core\ClamAVGui.Core.csproj", "{038D7E02-D29C-42D4-B0F4-0AB4D8654B9C}"
EndProject
Project("{FAE04EC0-301F-11D3-BF4B-00C04F79EFBC}") = "ClamAVGui.Platform", "src\ClamAVGui.Platform\ClamAVGui.Platform.csproj", "{D1C9D48B-A298-4E80-AC79-D3310AE206E6}"
EndProject
Project("{FAE04EC0-301F-11D3-BF4B-00C04F79EFBC}") = "ClamAVGui.Platform.Windows", "src\ClamAVGui.Platform.Windows\ClamAVGui.Platform.Windows.csproj", "{7FCB42F0-213C-4D81-8EB3-7E40458B430A}"
EndProject
Project("{FAE04EC0-301F-11D3-BF4B-00C04F79EFBC}") = "ClamAVGui.Platform.Linux", "src\ClamAVGui.Platform.Linux\ClamAVGui.Platform.Linux.csproj", "{1A82B7E0-8134-430A-A8B5-E75066171D36}"
EndProject
Project("{FAE04EC0-301F-11D3-BF4B-00C04F79EFBC}") = "ClamAVGui.Platform.MacOS", "src\ClamAVGui.Platform.MacOS\ClamAVGui.Platform.MacOS.csproj", "{1D4C6F20-E2D1-4CFC-84C1-FAD3C15A9DEC}"
EndProject
Project("{FAE04EC0-301F-11D3-BF4B-00C04F79EFBC}") = "ClamAVGui.App", "src\ClamAVGui.App\ClamAVGui.App.csproj", "{BCBAFCD9-F4E4-487C-B783-582DA68D49F2}"
EndProject
Project("{2150E333-8FDC-42A3-9474-1A3956D46DE8}") = "tests", "tests", "{EAF62CE0-0B6D-4059-9DE0-45644732BE43}"
EndProject
Project("{FAE04EC0-301F-11D3-BF4B-00C04F79EFBC}") = "ClamAVGui.Core.Tests", "tests\ClamAVGui.Core.Tests\ClamAVGui.Core.Tests.csproj", "{999D72B5-DE45-4522-92CF-A616594DB00F}"
EndProject
Project("{FAE04EC0-301F-11D3-BF4B-00C04F79EFBC}") = "ClamAVGui.Platform.Tests", "tests\ClamAVGui.Platform.Tests\ClamAVGui.Platform.Tests.csproj", "{513DBA9C-8120-4823-9475-EB28983743AF}"
EndProject
Global
	GlobalSection(SolutionConfigurationPlatforms) = preSolution
		Debug|Any CPU = Debug|Any CPU
		Release|Any CPU = Release|Any CPU
	EndGlobalSection
	GlobalSection(ProjectConfigurationPlatforms) = postSolution
		{0B452C8D-4219-4A9F-9584-D8C7A7106AC7}.Debug|Any CPU.ActiveCfg = Debug|Any CPU
		{0B452C8D-4219-4A9F-9584-D8C7A7106AC7}.Debug|Any CPU.Build.0 = Debug|Any CPU
		{0B452C8D-4219-4A9F-9584-D8C7A7106AC7}.Release|Any CPU.ActiveCfg = Release|Any CPU
		{0B452C8D-4219-4A9F-9584-D8C7A7106AC7}.Release|Any CPU.Build.0 = Release|Any CPU
		{038D7E02-D29C-42D4-B0F4-0AB4D8654B9C}.Debug|Any CPU.ActiveCfg = Debug|Any CPU
		{038D7E02-D29C-42D4-B0F4-0AB4D8654B9C}.Debug|Any CPU.Build.0 = Debug|Any CPU
		{038D7E02-D29C-42D4-B0F4-0AB4D8654B9C}.Release|Any CPU.ActiveCfg = Release|Any CPU
		{038D7E02-D29C-42D4-B0F4-0AB4D8654B9C}.Release|Any CPU.Build.0 = Release|Any CPU
		{D1C9D48B-A298-4E80-AC79-D3310AE206E6}.Debug|Any CPU.ActiveCfg = Debug|Any CPU
		{D1C9D48B-A298-4E80-AC79-D3310AE206E6}.Debug|Any CPU.Build.0 = Debug|Any CPU
		{D1C9D48B-A298-4E80-AC79-D3310AE206E6}.Release|Any CPU.ActiveCfg = Release|Any CPU
		{D1C9D48B-A298-4E80-AC79-D3310AE206E6}.Release|Any CPU.Build.0 = Release|Any CPU
		{7FCB42F0-213C-4D81-8EB3-7E40458B430A}.Debug|Any CPU.ActiveCfg = Debug|Any CPU
		{7FCB42F0-213C-4D81-8EB3-7E40458B430A}.Debug|Any CPU.Build.0 = Debug|Any CPU
		{7FCB42F0-213C-4D81-8EB3-7E40458B430A}.Release|Any CPU.ActiveCfg = Release|Any CPU
		{7FCB42F0-213C-4D81-8EB3-7E40458B430A}.Release|Any CPU.Build.0 = Release|Any CPU
		{1A82B7E0-8134-430A-A8B5-E75066171D36}.Debug|Any CPU.ActiveCfg = Debug|Any CPU
		{1A82B7E0-8134-430A-A8B5-E75066171D36}.Debug|Any CPU.Build.0 = Debug|Any CPU
		{1A82B7E0-8134-430A-A8B5-E75066171D36}.Release|Any CPU.ActiveCfg = Release|Any CPU
		{1A82B7E0-8134-430A-A8B5-E75066171D36}.Release|Any CPU.Build.0 = Release|Any CPU
		{1D4C6F20-E2D1-4CFC-84C1-FAD3C15A9DEC}.Debug|Any CPU.ActiveCfg = Debug|Any CPU
		{1D4C6F20-E2D1-4CFC-84C1-FAD3C15A9DEC}.Debug|Any CPU.Build.0 = Debug|Any CPU
		{1D4C6F20-E2D1-4CFC-84C1-FAD3C15A9DEC}.Release|Any CPU.ActiveCfg = Release|Any CPU
		{1D4C6F20-E2D1-4CFC-84C1-FAD3C15A9DEC}.Release|Any CPU.Build.0 = Release|Any CPU
		{BCBAFCD9-F4E4-487C-B783-582DA68D49F2}.Debug|Any CPU.ActiveCfg = Debug|Any CPU
		{BCBAFCD9-F4E4-487C-B783-582DA68D49F2}.Debug|Any CPU.Build.0 = Debug|Any CPU
		{BCBAFCD9-F4E4-487C-B783-582DA68D49F2}.Release|Any CPU.ActiveCfg = Release|Any CPU
		{BCBAFCD9-F4E4-487C-B783-582DA68D49F2}.Release|Any CPU.Build.0 = Release|Any CPU
		{999D72B5-DE45-4522-92CF-A616594DB00F}.Debug|Any CPU.ActiveCfg = Debug|Any CPU
		{999D72B5-DE45-4522-92CF-A616594DB00F}.Debug|Any CPU.Build.0 = Debug|Any CPU
		{999D72B5-DE45-4522-92CF-A616594DB00F}.Release|Any CPU.ActiveCfg = Release|Any CPU
		{999D72B5-DE45-4522-92CF-A616594DB00F}.Release|Any CPU.Build.0 = Release|Any CPU
		{513DBA9C-8120-4823-9475-EB28983743AF}.Debug|Any CPU.ActiveCfg = Debug|Any CPU
		{513DBA9C-8120-4823-9475-EB28983743AF}.Debug|Any CPU.Build.0 = Debug|Any CPU
		{513DBA9C-8120-4823-9475-EB28983743AF}.Release|Any CPU.ActiveCfg = Release|Any CPU
		{513DBA9C-8120-4823-9475-EB28983743AF}.Release|Any CPU.Build.0 = Release|Any CPU
	EndGlobalSection
	GlobalSection(SolutionProperties) = preSolution
		HideSolutionNode = FALSE
	EndGlobalSection
	GlobalSection(ExtensibilityGlobals) = postSolution
		SolutionGuid = {C206B50E-BF44-409A-9557-56B059F3FFF3}
	EndGlobalSection
	GlobalSection(NestedProjects) = preSolution
		{038D7E02-D29C-42D4-B0F4-0AB4D8654B9C} = {E5D6AFCF-CE16-4A5B-B18C-818BC9547CA1}
		{D1C9D48B-A298-4E80-AC79-D3310AE206E6} = {E5D6AFCF-CE16-4A5B-B18C-818BC9547CA1}
		{7FCB42F0-213C-4D81-8EB3-7E40458B430A} = {E5D6AFCF-CE16-4A5B-B18C-818BC9547CA1}
		{1A82B7E0-8134-430A-A8B5-E75066171D36} = {E5D6AFCF-CE16-4A5B-B18C-818BC9547CA1}
		{1D4C6F20-E2D1-4CFC-84C1-FAD3C15A9DEC} = {E5D6AFCF-CE16-4A5B-B18C-818BC9547CA1}
		{BCBAFCD9-F4E4-487C-B783-582DA68D49F2} = {E5D6AFCF-CE16-4A5B-B18C-818BC9547CA1}
		{999D72B5-DE45-4522-92CF-A616594DB00F} = {EAF62CE0-0B6D-4059-9DE0-45644732BE43}
		{513DBA9C-8120-4823-9475-EB28983743AF} = {EAF62CE0-0B6D-4059-9DE0-45644732BE43}
	EndGlobalSection
EndGlobal
